
Microsoft Visual Studio Solution File, Format Version 12.00
# Visual Studio Version 17
VisualStudioVersion = 17.6.33815.320
MinimumVisualStudioVersion = 10.0.40219.1
Project("{8BC9CEB8-8B4A-11D0-8D11-00A0C91BC942}") = "ConsoleApplication1", "ConsoleApplication1\ConsoleApplication1.vcxproj", "{EB9F44FD-38A6-4A7B-AD20-5B9AA5160799}"
EndProject
Global
	GlobalSection(SolutionConfigurationPlatforms) = preSolution
		Debug|x64 = Debug|x64
		Debug|x86 = Debug|x86
		Release|x64 = Release|x64
		Release|x86 = Release|x86
	EndGlobalSection
	GlobalSection(ProjectConfigurationPlatforms) = postSolution
		{EB9F44FD-38A6-4A7B-AD20-5B9AA5160799}.Debug|x64.ActiveCfg = Debug|x64
		{EB9F44FD-38A6-4A7B-AD20-5B9AA5160799}.Debug|x64.Build.0 = Debug|x64
		{EB9F44FD-38A6-4A7B-AD20-5B9AA5160799}.Debug|x86.ActiveCfg = Debug|Win32
		{EB9F44FD-38A6-4A7B-AD20-5B9AA5160799}.Debug|x86.Build.0 = Debug|Win32
		{EB9F44FD-38A6-4A7B-AD20-5B9AA5160799}.Release|x64.ActiveCfg = Release|x64
		{EB9F44FD-38A6-4A7B-AD20-5B9AA5160799}.Release|x64.Build.0 = Release|x64
		{EB9F44FD-38A6-4A7B-AD20-5B9AA5160799}.Release|x86.ActiveCfg = Release|Win32
		{EB9F44FD-38A6-4A7B-AD20-5B9AA5160799}.Release|x86.Build.0 = Release|Win32
	EndGlobalSection
	GlobalSection(SolutionProperties) = preSolution
		HideSolutionNode = FALSE
	EndGlobalSection
	GlobalSection(ExtensibilityGlobals) = postSolution
		SolutionGuid = {151B6ECF-480E-428C-80A0-5D8C9C1C4833}
	EndGlobalSection
EndGlobal
